
Microsoft Visual Studio Solution File, Format Version 12.00
# Visual Studio Version 17
VisualStudioVersion = 17.5.002.0
MinimumVisualStudioVersion = 10.0.40219.1
Project("{9A19103F-16F7-4668-BE54-9A1E7A4F7556}") = "prove-07", "prove-07.csproj", "{A1A53B98-EA5E-410C-A8CD-5AE21C1C18E7}"
EndProject
Global
	GlobalSection(SolutionConfigurationPlatforms) = preSolution
		Debug|Any CPU = Debug|Any CPU
		Release|Any CPU = Release|Any CPU
	EndGlobalSection
	GlobalSection(ProjectConfigurationPlatforms) = postSolution
		{A1A53B98-EA5E-410C-A8CD-5AE21C1C18E7}.Debug|Any CPU.ActiveCfg = Debug|Any CPU
		{A1A53B98-EA5E-410C-A8CD-5AE21C1C18E7}.Debug|Any CPU.Build.0 = Debug|Any CPU
		{A1A53B98-EA5E-410C-A8CD-5AE21C1C18E7}.Release|Any CPU.ActiveCfg = Release|Any CPU
		{A1A53B98-EA5E-410C-A8CD-5AE21C1C18E7}.Release|Any CPU.Build.0 = Release|Any CPU
	EndGlobalSection
	GlobalSection(SolutionProperties) = preSolution
		HideSolutionNode = FALSE
	EndGlobalSection
	GlobalSection(ExtensibilityGlobals) = postSolution
		SolutionGuid = {8A50B805-5C00-4296-A3E6-CF6FC2333F58}
	EndGlobalSection
EndGlobal
